
Microsoft Visual Studio Solution File, Format Version 12.00
# Visual Studio Version 17
VisualStudioVersion = 17.4.33213.308
MinimumVisualStudioVersion = 10.0.40219.1
Project("{FAE04EC0-301F-11D3-BF4B-00C04F79EFBC}") = "StringLibrary", "StringLibrary\StringLibrary.csproj", "{C9EEED01-FA23-49E7-AD9D-30C3F6BBE4FA}"
EndProject
Project("{FAE04EC0-301F-11D3-BF4B-00C04F79EFBC}") = "StringLibraryTests", "StringLibraryTests\StringLibraryTests.csproj", "{395C30DD-B441-4DCE-A8F3-E5FE959E58BB}"
EndProject
Global
	GlobalSection(SolutionConfigurationPlatforms) = preSolution
		Debug|Any CPU = Debug|Any CPU
		Release|Any CPU = Release|Any CPU
	EndGlobalSection
	GlobalSection(ProjectConfigurationPlatforms) = postSolution
		{C9EEED01-FA23-49E7-AD9D-30C3F6BBE4FA}.Debug|Any CPU.ActiveCfg = Debug|Any CPU
		{C9EEED01-FA23-49E7-AD9D-30C3F6BBE4FA}.Debug|Any CPU.Build.0 = Debug|Any CPU
		{C9EEED01-FA23-49E7-AD9D-30C3F6BBE4FA}.Release|Any CPU.ActiveCfg = Release|Any CPU
		{C9EEED01-FA23-49E7-AD9D-30C3F6BBE4FA}.Release|Any CPU.Build.0 = Release|Any CPU
		{395C30DD-B441-4DCE-A8F3-E5FE959E58BB}.Debug|Any CPU.ActiveCfg = Debug|Any CPU
		{395C30DD-B441-4DCE-A8F3-E5FE959E58BB}.Debug|Any CPU.Build.0 = Debug|Any CPU
		{395C30DD-B441-4DCE-A8F3-E5FE959E58BB}.Release|Any CPU.ActiveCfg = Release|Any CPU
		{395C30DD-B441-4DCE-A8F3-E5FE959E58BB}.Release|Any CPU.Build.0 = Release|Any CPU
	EndGlobalSection
	GlobalSection(SolutionProperties) = preSolution
		HideSolutionNode = FALSE
	EndGlobalSection
	GlobalSection(ExtensibilityGlobals) = postSolution
		SolutionGuid = {A1F29C65-F2B8-4B52-B491-7650D8044E26}
	EndGlobalSection
EndGlobal
